
Microsoft Visual Studio Solution File, Format Version 12.00
# Visual Studio Version 17
VisualStudioVersion = 17.4.33213.308
MinimumVisualStudioVersion = 10.0.40219.1
Project("{FAE04EC0-301F-11D3-BF4B-00C04F79EFBC}") = "RabbitMQProducer", "RabbitMQProducer\RabbitMQProducer.csproj", "{56B1D1CA-7EDC-4320-8C09-D5804BF6729B}"
EndProject
Project("{FAE04EC0-301F-11D3-BF4B-00C04F79EFBC}") = "RabbitMQConsumer", "RabbitMQConsumer\RabbitMQConsumer.csproj", "{EDF1BDF6-88AE-4319-BC79-5730DE95B81D}"
EndProject
Global
	GlobalSection(SolutionConfigurationPlatforms) = preSolution
		Debug|Any CPU = Debug|Any CPU
		Release|Any CPU = Release|Any CPU
	EndGlobalSection
	GlobalSection(ProjectConfigurationPlatforms) = postSolution
		{56B1D1CA-7EDC-4320-8C09-D5804BF6729B}.Debug|Any CPU.ActiveCfg = Debug|Any CPU
		{56B1D1CA-7EDC-4320-8C09-D5804BF6729B}.Debug|Any CPU.Build.0 = Debug|Any CPU
		{56B1D1CA-7EDC-4320-8C09-D5804BF6729B}.Release|Any CPU.ActiveCfg = Release|Any CPU
		{56B1D1CA-7EDC-4320-8C09-D5804BF6729B}.Release|Any CPU.Build.0 = Release|Any CPU
		{EDF1BDF6-88AE-4319-BC79-5730DE95B81D}.Debug|Any CPU.ActiveCfg = Debug|Any CPU
		{EDF1BDF6-88AE-4319-BC79-5730DE95B81D}.Debug|Any CPU.Build.0 = Debug|Any CPU
		{EDF1BDF6-88AE-4319-BC79-5730DE95B81D}.Release|Any CPU.ActiveCfg = Release|Any CPU
		{EDF1BDF6-88AE-4319-BC79-5730DE95B81D}.Release|Any CPU.Build.0 = Release|Any CPU
	EndGlobalSection
	GlobalSection(SolutionProperties) = preSolution
		HideSolutionNode = FALSE
	EndGlobalSection
	GlobalSection(ExtensibilityGlobals) = postSolution
		SolutionGuid = {2FE506BC-7657-4C69-827B-89C18D9A9908}
	EndGlobalSection
EndGlobal
